
Microsoft Visual Studio Solution File, Format Version 12.00
# Visual Studio Version 16
VisualStudioVersion = 16.0.30406.217
MinimumVisualStudioVersion = 10.0.40219.1
Project("{FAE04EC0-301F-11D3-BF4B-00C04F79EFBC}") = "PRESENTACION", "PRESENTACION\PRESENTACION.csproj", "{521D6137-79AD-4D19-9E29-859FC7C48AEE}"
EndProject
Project("{FAE04EC0-301F-11D3-BF4B-00C04F79EFBC}") = "DATOS", "DATOS\DATOS.csproj", "{0AD3995E-888E-48F7-9036-411168E43EF6}"
EndProject
Project("{FAE04EC0-301F-11D3-BF4B-00C04F79EFBC}") = "LOGICA", "LOGICA\LOGICA.csproj", "{079F514A-D8E8-431E-986F-24F482FF8F5A}"
EndProject
Project("{FAE04EC0-301F-11D3-BF4B-00C04F79EFBC}") = "VERTICAL", "VERTICAL\VERTICAL.csproj", "{5C81113B-00C4-489D-BB20-F81B2A58D052}"
EndProject
Global
	GlobalSection(SolutionConfigurationPlatforms) = preSolution
		Debug|Any CPU = Debug|Any CPU
		Release|Any CPU = Release|Any CPU
	EndGlobalSection
	GlobalSection(ProjectConfigurationPlatforms) = postSolution
		{521D6137-79AD-4D19-9E29-859FC7C48AEE}.Debug|Any CPU.ActiveCfg = Debug|Any CPU
		{521D6137-79AD-4D19-9E29-859FC7C48AEE}.Debug|Any CPU.Build.0 = Debug|Any CPU
		{521D6137-79AD-4D19-9E29-859FC7C48AEE}.Release|Any CPU.ActiveCfg = Release|Any CPU
		{521D6137-79AD-4D19-9E29-859FC7C48AEE}.Release|Any CPU.Build.0 = Release|Any CPU
		{0AD3995E-888E-48F7-9036-411168E43EF6}.Debug|Any CPU.ActiveCfg = Debug|Any CPU
		{0AD3995E-888E-48F7-9036-411168E43EF6}.Debug|Any CPU.Build.0 = Debug|Any CPU
		{0AD3995E-888E-48F7-9036-411168E43EF6}.Release|Any CPU.ActiveCfg = Release|Any CPU
		{0AD3995E-888E-48F7-9036-411168E43EF6}.Release|Any CPU.Build.0 = Release|Any CPU
		{079F514A-D8E8-431E-986F-24F482FF8F5A}.Debug|Any CPU.ActiveCfg = Debug|Any CPU
		{079F514A-D8E8-431E-986F-24F482FF8F5A}.Debug|Any CPU.Build.0 = Debug|Any CPU
		{079F514A-D8E8-431E-986F-24F482FF8F5A}.Release|Any CPU.ActiveCfg = Release|Any CPU
		{079F514A-D8E8-431E-986F-24F482FF8F5A}.Release|Any CPU.Build.0 = Release|Any CPU
		{5C81113B-00C4-489D-BB20-F81B2A58D052}.Debug|Any CPU.ActiveCfg = Debug|Any CPU
		{5C81113B-00C4-489D-BB20-F81B2A58D052}.Debug|Any CPU.Build.0 = Debug|Any CPU
		{5C81113B-00C4-489D-BB20-F81B2A58D052}.Release|Any CPU.ActiveCfg = Release|Any CPU
		{5C81113B-00C4-489D-BB20-F81B2A58D052}.Release|Any CPU.Build.0 = Release|Any CPU
	EndGlobalSection
	GlobalSection(SolutionProperties) = preSolution
		HideSolutionNode = FALSE
	EndGlobalSection
	GlobalSection(ExtensibilityGlobals) = postSolution
		SolutionGuid = {BBD39154-10A6-4B13-898E-0BA8958B7F40}
	EndGlobalSection
EndGlobal
